PODS:
  - AnalyticsKit (1.4.0):
    - FingerPrint
    - ios-ntp
    - WCDB.swift
  - CocoaAsyncSocket (7.6.5)
  - FingerPrint (1.0.0):
    - SAMKeychain (~> 1.5.3)
  - ios-ntp (1.1.9):
    - CocoaAsyncSocket
  - SAMKeychain (1.5.3)
  - WCDB.swift (2.1.10):
    - WCDBOptimizedSQLCipher (= 1.4.7)
  - WCDBOptimizedSQLCipher (1.4.7)

DEPENDENCIES:
  - AnalyticsKit

SPEC REPOS:
  https://github.com/DLinkSDK/deeplink-dev-specs.git:
    - AnalyticsKit
    - FingerPrint
  trunk:
    - CocoaAsyncSocket
    - ios-ntp
    - SAMKeychain
    - WCDB.swift
    - WCDBOptimizedSQLCipher

SPEC CHECKSUMS:
  AnalyticsKit: 95e9afd5ac114491982b4f9b671b7edd5ef9ec30
  CocoaAsyncSocket: 065fd1e645c7abab64f7a6a2007a48038fdc6a99
  FingerPrint: a22cb55f8c0702cfad3908fe1d2a0c3914078e5a
  ios-ntp: 49a4ef0866aee5343627710c1c7de71d7c064417
  SAMKeychain: 483e1c9f32984d50ca961e26818a534283b4cd5c
  WCDB.swift: 21ca53849dabc6c98e6645f3fb669f45a47e7dc9
  WCDBOptimizedSQLCipher: 9bceac087eff9625b151838d3a30364f53f71ad9

PODFILE CHECKSUM: 425cd3d155bc679630713836b1b9d006e5d5800e

COCOAPODS: 1.16.2
